// !$*UTF8*$!
{
	archiveVersion = 1;
	classes = {
	};
	objectVersion = 50;
	objects = {

/* Begin PBXBuildFile section */
		2EDDCD656B1B3E5989A35CFA /* Pods_cocoaEjemplo.framework in Frameworks */ = {isa = PBXBuildFile; fileRef = 5EF816A2C6A14F3456E7DF61 /* Pods_cocoaEjemplo.framework */; };
		CE449F5420B9A7AB00CE4C2E /* AppDelegate.swift in Sources */ = {isa = PBXBuildFile; fileRef = CE449F5320B9A7AB00CE4C2E /* AppDelegate.swift */; };
		CE449F5620B9A7AB00CE4C2E /* ViewController.swift in Sources */ = {isa = PBXBuildFile; fileRef = CE449F5520B9A7AB00CE4C2E /* ViewController.swift */; };
		CE449F5920B9A7AB00CE4C2E /* Main.storyboard in Resources */ = {isa = PBXBuildFile; fileRef = CE449F5720B9A7AB00CE4C2E /* Main.storyboard */; };
		CE449F5B20B9A7AC00CE4C2E /* Assets.xcassets in Resources */ = {isa = PBXBuildFile; fileRef = CE449F5A20B9A7AC00CE4C2E /* Assets.xcassets */; };
		CE449F5E20B9A7AC00CE4C2E /* LaunchScreen.storyboard in Resources */ = {isa = PBXBuildFile; fileRef = CE449F5C20B9A7AC00CE4C2E /* LaunchScreen.storyboard */; };
		CE4B65F120B9B63300D103AC /* ApiManager.swift in Sources */ = {isa = PBXBuildFile; fileRef = CE4B65F020B9B63300D103AC /* ApiManager.swift */; };
/* End PBXBuildFile section */

/* Begin PBXFileReference section */
		03CB7342AACB9DCC8294F980 /* Pods-cocoaEjemplo.release.xcconfig */ = {isa = PBXFileReference; includeInIndex = 1; lastKnownFileType = text.xcconfig; name = "Pods-cocoaEjemplo.release.xcconfig"; path = "Pods/Target Support Files/Pods-cocoaEjemplo/Pods-cocoaEjemplo.release.xcconfig"; sourceTree = "<group>"; };
		29C1659DDC8C54CBCB55F713 /* Pods-cocoaEjemplo.debug.xcconfig */ = {isa = PBXFileReference; includeInIndex = 1; lastKnownFileType = text.xcconfig; name = "Pods-cocoaEjemplo.debug.xcconfig"; path = "Pods/Target Support Files/Pods-cocoaEjemplo/Pods-cocoaEjemplo.debug.xcconfig"; sourceTree = "<group>"; };
		5EF816A2C6A14F3456E7DF61 /* Pods_cocoaEjemplo.framework */ = {isa = PBXFileReference; explicitFileType = wrapper.framework; includeInIndex = 0; path = Pods_cocoaEjemplo.framework; sourceTree = BUILT_PRODUCTS_DIR; };
		CE449F5020B9A7AB00CE4C2E /* cocoaEjemplo.app */ = {isa = PBXFileReference; explicitFileType = wrapper.application; includeInIndex = 0; path = cocoaEjemplo.app; sourceTree = BUILT_PRODUCTS_DIR; };
		CE449F5320B9A7AB00CE4C2E /* AppDelegate.swift */ = {isa = PBXFileReference; lastKnownFileType = sourcecode.swift; path = AppDelegate.swift; sourceTree = "<group>"; };
		CE449F5520B9A7AB00CE4C2E /* ViewController.swift */ = {isa = PBXFileReference; lastKnownFileType = sourcecode.swift; path = ViewController.swift; sourceTree = "<group>"; };
		CE449F5820B9A7AB00CE4C2E /* Base */ = {isa = PBXFileReference; lastKnownFileType = file.storyboard; name = Base; path = Base.lproj/Main.storyboard; sourceTree = "<group>"; };
		CE449F5A20B9A7AC00CE4C2E /* Assets.xcassets */ = {isa = PBXFileReference; lastKnownFileType = folder.assetcatalog; path = Assets.xcassets; sourceTree = "<group>"; };
		CE449F5D20B9A7AC00CE4C2E /* Base */ = {isa = PBXFileReference; lastKnownFileType = file.storyboard; name = Base; path = Base.lproj/LaunchScreen.storyboard; sourceTree = "<group>"; };
		CE449F5F20B9A7AC00CE4C2E /* Info.plist */ = {isa = PBXFileReference; lastKnownFileType = text.plist.xml; path = Info.plist; sourceTree = "<group>"; };
		CE4B65F020B9B63300D103AC /* ApiManager.swift */ = {isa = PBXFileReference; lastKnownFileType = sourcecode.swift; path = ApiManager.swift; sourceTree = "<group>"; };
/* End PBXFileReference section */

/* Begin PBXFrameworksBuildPhase section */
		CE449F4D20B9A7AB00CE4C2E /* Frameworks */ = {
			isa = PBXFrameworksBuildPhase;
			buildActionMask = 2147483647;
			files = (
				2EDDCD656B1B3E5989A35CFA /* Pods_cocoaEjemplo.framework in Frameworks */,
			);
			runOnlyForDeploymentPostprocessing = 0;
		};
/* End PBXFrameworksBuildPhase section */

/* Begin PBXGroup section */
		165621865E932D1EE2040BAF /* Pods */ = {
			isa = PBXGroup;
			children = (
				29C1659DDC8C54CBCB55F713 /* Pods-cocoaEjemplo.debug.xcconfig */,
				03CB7342AACB9DCC8294F980 /* Pods-cocoaEjemplo.release.xcconfig */,
			);
			name = Pods;
			sourceTree = "<group>";
		};
		47D10CBEF593DA01A2628A44 /* Frameworks */ = {
			isa = PBXGroup;
			children = (
				5EF816A2C6A14F3456E7DF61 /* Pods_cocoaEjemplo.framework */,
			);
			name = Frameworks;
			sourceTree = "<group>";
		};
		CE449F4720B9A7AA00CE4C2E = {
			isa = PBXGroup;
			children = (
				CE449F5220B9A7AB00CE4C2E /* cocoaEjemplo */,
				CE449F5120B9A7AB00CE4C2E /* Products */,
				165621865E932D1EE2040BAF /* Pods */,
				47D10CBEF593DA01A2628A44 /* Frameworks */,
			);
			sourceTree = "<group>";
		};
		CE449F5120B9A7AB00CE4C2E /* Products */ = {
			isa = PBXGroup;
			children = (
				CE449F5020B9A7AB00CE4C2E /* cocoaEjemplo.app */,
			);
			name = Products;
			sourceTree = "<group>";
		};
		CE449F5220B9A7AB00CE4C2E /* cocoaEjemplo */ = {
			isa = PBXGroup;
			children = (
				CE4B65F420B9B65400D103AC /* Controller */,
				CE4B65F320B9B64D00D103AC /* View */,
				CE4B65F220B9B64500D103AC /* Model */,
				CE449F5A20B9A7AC00CE4C2E /* Assets.xcassets */,
				CE449F5F20B9A7AC00CE4C2E /* Info.plist */,
			);
			path = cocoaEjemplo;
			sourceTree = "<group>";
		};
		CE4B65F220B9B64500D103AC /* Model */ = {
			isa = PBXGroup;
			children = (
				CE4B65F020B9B63300D103AC /* ApiManager.swift */,
			);
			path = Model;
			sourceTree = "<group>";
		};
		CE4B65F320B9B64D00D103AC /* View */ = {
			isa = PBXGroup;
			children = (
				CE449F5720B9A7AB00CE4C2E /* Main.storyboard */,
				CE449F5C20B9A7AC00CE4C2E /* LaunchScreen.storyboard */,
			);
			path = View;
			sourceTree = "<group>";
		};
		CE4B65F420B9B65400D103AC /* Controller */ = {
			isa = PBXGroup;
			children = (
				CE449F5320B9A7AB00CE4C2E /* AppDelegate.swift */,
				CE449F5520B9A7AB00CE4C2E /* ViewController.swift */,
			);
			path = Controller;
			sourceTree = "<group>";
		};
/* End PBXGroup section */

/* Begin PBXNativeTarget section */
		CE449F4F20B9A7AB00CE4C2E /* cocoaEjemplo */ = {
			isa = PBXNativeTarget;
			buildConfigurationList = CE449F6220B9A7AC00CE4C2E /* Build configuration list for PBXNativeTarget "cocoaEjemplo" */;
			buildPhases = (
				8791F6CE1CAEB683AF28D7B9 /* [CP] Check Pods Manifest.lock */,
				CE449F4C20B9A7AB00CE4C2E /* Sources */,
				CE449F4D20B9A7AB00CE4C2E /* Frameworks */,
				CE449F4E20B9A7AB00CE4C2E /* Resources */,
				778312C1507DDCA0FF9E9829 /* [CP] Embed Pods Frameworks */,
			);
			buildRules = (
			);
			dependencies = (
			);
			name = cocoaEjemplo;
			productName = cocoaEjemplo;
			productReference = CE449F5020B9A7AB00CE4C2E /* cocoaEjemplo.app */;
			productType = "com.apple.product-type.application";
		};
/* End PBXNativeTarget section */

/* Begin PBXProject section */
		CE449F4820B9A7AA00CE4C2E /* Project object */ = {
			isa = PBXProject;
			attributes = {
				LastSwiftUpdateCheck = 0930;
				LastUpgradeCheck = 0930;
				ORGANIZATIONNAME = "Ronald Murillo Solano";
				TargetAttributes = {
					CE449F4F20B9A7AB00CE4C2E = {
						CreatedOnToolsVersion = 9.3;
					};
				};
			};
			buildConfigurationList = CE449F4B20B9A7AA00CE4C2E /* Build configuration list for PBXProject "cocoaEjemplo" */;
			compatibilityVersion = "Xcode 9.3";
			developmentRegion = en;
			hasScannedForEncodings = 0;
			knownRegions = (
				en,
				Base,
			);
			mainGroup = CE449F4720B9A7AA00CE4C2E;
			productRefGroup = CE449F5120B9A7AB00CE4C2E /* Products */;
			projectDirPath = "";
			projectRoot = "";
			targets = (
				CE449F4F20B9A7AB00CE4C2E /* cocoaEjemplo */,
			);
		};
/* End PBXProject section */

/* Begin PBXResourcesBuildPhase section */
		CE449F4E20B9A7AB00CE4C2E /* Resources */ = {
			isa = PBXResourcesBuildPhase;
			buildActionMask = 2147483647;
			files = (
				CE449F5E20B9A7AC00CE4C2E /* LaunchScreen.storyboard in Resources */,
				CE449F5B20B9A7AC00CE4C2E /* Assets.xcassets in Resources */,
				CE449F5920B9A7AB00CE4C2E /* Main.storyboard in Resources */,
			);
			runOnlyForDeploymentPostprocessing = 0;
		};
/* End PBXResourcesBuildPhase section */

/* Begin PBXShellScriptBuildPhase section */
		778312C1507DDCA0FF9E9829 /* [CP] Embed Pods Frameworks */ = {
			isa = PBXShellScriptBuildPhase;
			buildActionMask = 2147483647;
			files = (
			);
			inputPaths = (
				"${SRCROOT}/Pods/Target Support Files/Pods-cocoaEjemplo/Pods-cocoaEjemplo-frameworks.sh",
				"${BUILT_PRODUCTS_DIR}/SVProgressHUD/SVProgressHUD.framework",
				"${BUILT_PRODUCTS_DIR}/SwiftyJSON/SwiftyJSON.framework",
			);
			name = "[CP] Embed Pods Frameworks";
			outputPaths = (
				"${TARGET_BUILD_DIR}/${FRAMEWORKS_FOLDER_PATH}/SVProgressHUD.framework",
				"${TARGET_BUILD_DIR}/${FRAMEWORKS_FOLDER_PATH}/SwiftyJSON.framework",
			);
			runOnlyForDeploymentPostprocessing = 0;
			shellPath = /bin/sh;
			shellScript = "\"${SRCROOT}/Pods/Target Support Files/Pods-cocoaEjemplo/Pods-cocoaEjemplo-frameworks.sh\"\n";
			showEnvVarsInLog = 0;
		};
		8791F6CE1CAEB683AF28D7B9 /* [CP] Check Pods Manifest.lock */ = {
			isa = PBXShellScriptBuildPhase;
			buildActionMask = 2147483647;
			files = (
			);
			inputPaths = (
				"${PODS_PODFILE_DIR_PATH}/Podfile.lock",
				"${PODS_ROOT}/Manifest.lock",
			);
			name = "[CP] Check Pods Manifest.lock";
			outputPaths = (
				"$(DERIVED_FILE_DIR)/Pods-cocoaEjemplo-checkManifestLockResult.txt",
			);
			runOnlyForDeploymentPostprocessing = 0;
			shellPath = /bin/sh;
			shellScript = "diff \"${PODS_PODFILE_DIR_PATH}/Podfile.lock\" \"${PODS_ROOT}/Manifest.lock\" > /dev/null\nif [ $? != 0 ] ; then\n    # print error to STDERR\n    echo \"error: The sandbox is not in sync with the Podfile.lock. Run 'pod install' or update your CocoaPods installation.\" >&2\n    exit 1\nfi\n# This output is used by Xcode 'outputs' to avoid re-running this script phase.\necho \"SUCCESS\" > \"${SCRIPT_OUTPUT_FILE_0}\"\n";
			showEnvVarsInLog = 0;
		};
/* End PBXShellScriptBuildPhase section */

/* Begin PBXSourcesBuildPhase section */
		CE449F4C20B9A7AB00CE4C2E /* Sources */ = {
			isa = PBXSourcesBuildPhase;
			buildActionMask = 2147483647;
			files = (
				CE449F5620B9A7AB00CE4C2E /* ViewController.swift in Sources */,
				CE4B65F120B9B63300D103AC /* ApiManager.swift in Sources */,
				CE449F5420B9A7AB00CE4C2E /* AppDelegate.swift in Sources */,
			);
			runOnlyForDeploymentPostprocessing = 0;
		};
/* End PBXSourcesBuildPhase section */

/* Begin PBXVariantGroup section */
		CE449F5720B9A7AB00CE4C2E /* Main.storyboard */ = {
			isa = PBXVariantGroup;
			children = (
				CE449F5820B9A7AB00CE4C2E /* Base */,
			);
			name = Main.storyboard;
			sourceTree = "<group>";
		};
		CE449F5C20B9A7AC00CE4C2E /* LaunchScreen.storyboard */ = {
			isa = PBXVariantGroup;
			children = (
				CE449F5D20B9A7AC00CE4C2E /* Base */,
			);
			name = LaunchScreen.storyboard;
			sourceTree = "<group>";
		};
/* End PBXVariantGroup section */

/* Begin XCBuildConfiguration section */
		CE449F6020B9A7AC00CE4C2E /* Debug */ = {
			isa = XCBuildConfiguration;
			buildSettings = {
				ALWAYS_SEARCH_USER_PATHS = NO;
				CLANG_ANALYZER_NONNULL = YES;
				CLANG_ANALYZER_NUMBER_OBJECT_CONVERSION = YES_AGGRESSIVE;
				CLANG_CXX_LANGUAGE_STANDARD = "gnu++14";
				CLANG_CXX_LIBRARY = "libc++";
				CLANG_ENABLE_MODULES = YES;
				CLANG_ENABLE_OBJC_ARC = YES;
				CLANG_ENABLE_OBJC_WEAK = YES;
				CLANG_WARN_BLOCK_CAPTURE_AUTORELEASING = YES;
				CLANG_WARN_BOOL_CONVERSION = YES;
				CLANG_WARN_COMMA = YES;
				CLANG_WARN_CONSTANT_CONVERSION = YES;
				CLANG_WARN_DEPRECATED_OBJC_IMPLEMENTATIONS = YES;
				CLANG_WARN_DIRECT_OBJC_ISA_USAGE = YES_ERROR;
				CLANG_WARN_DOCUMENTATION_COMMENTS = YES;
				CLANG_WARN_EMPTY_BODY = YES;
				CLANG_WARN_ENUM_CONVERSION = YES;
				CLANG_WARN_INFINITE_RECURSION = YES;
				CLANG_WARN_INT_CONVERSION = YES;
				CLANG_WARN_NON_LITERAL_NULL_CONVERSION = YES;
				CLANG_WARN_OBJC_IMPLICIT_RETAIN_SELF = YES;
				CLANG_WARN_OBJC_LITERAL_CONVERSION = YES;
				CLANG_WARN_OBJC_ROOT_CLASS = YES_ERROR;
				CLANG_WARN_RANGE_LOOP_ANALYSIS = YES;
				CLANG_WARN_STRICT_PROTOTYPES = YES;
				CLANG_WARN_SUSPICIOUS_MOVE = YES;
				CLANG_WARN_UNGUARDED_AVAILABILITY = YES_AGGRESSIVE;
				CLANG_WARN_UNREACHABLE_CODE = YES;
				CLANG_WARN__DUPLICATE_METHOD_MATCH = YES;
				CODE_SIGN_IDENTITY = "iPhone Developer";
				COPY_PHASE_STRIP = NO;
				DEBUG_INFORMATION_FORMAT = dwarf;
				ENABLE_STRICT_OBJC_MSGSEND = YES;
				ENABLE_TESTABILITY = YES;
				GCC_C_LANGUAGE_STANDARD = gnu11;
				GCC_DYNAMIC_NO_PIC = NO;
				GCC_NO_COMMON_BLOCKS = YES;
				GCC_OPTIMIZATION_LEVEL = 0;
				GCC_PREPROCESSOR_DEFINITIONS = (
					"DEBUG=1",
					"$(inherited)",
				);
				GCC_WARN_64_TO_32_BIT_CONVERSION = YES;
				GCC_WARN_ABOUT_RETURN_TYPE = YES_ERROR;
				GCC_WARN_UNDECLARED_SELECTOR = YES;
				GCC_WARN_UNINITIALIZED_AUTOS = YES_AGGRESSIVE;
				GCC_WARN_UNUSED_FUNCTION = YES;
				GCC_WARN_UNUSED_VARIABLE = YES;
				IPHONEOS_DEPLOYMENT_TARGET = 11.3;
				MTL_ENABLE_DEBUG_INFO = YES;
				ONLY_ACTIVE_ARCH = YES;
				SDKROOT = iphoneos;
				SWIFT_ACTIVE_COMPILATION_CONDITIONS = DEBUG;
				SWIFT_OPTIMIZATION_LEVEL = "-Onone";
			};
			name = Debug;
		};
		CE449F6120B9A7AC00CE4C2E /* Release */ = {
			isa = XCBuildConfiguration;
			buildSettings = {
				ALWAYS_SEARCH_USER_PATHS = NO;
				CLANG_ANALYZER_NONNULL = YES;
				CLANG_ANALYZER_NUMBER_OBJECT_CONVERSION = YES_AGGRESSIVE;
				CLANG_CXX_LANGUAGE_STANDARD = "gnu++14";
				CLANG_CXX_LIBRARY = "libc++";
				CLANG_ENABLE_MODULES = YES;
				CLANG_ENABLE_OBJC_ARC = YES;
				CLANG_ENABLE_OBJC_WEAK = YES;
				CLANG_WARN_BLOCK_CAPTURE_AUTORELEASING = YES;
				CLANG_WARN_BOOL_CONVERSION = YES;
				CLANG_WARN_COMMA = YES;
				CLANG_WARN_CONSTANT_CONVERSION = YES;
				CLANG_WARN_DEPRECATED_OBJC_IMPLEMENTATIONS = YES;
				CLANG_WARN_DIRECT_OBJC_ISA_USAGE = YES_ERROR;
				CLANG_WARN_DOCUMENTATION_COMMENTS = YES;
				CLANG_WARN_EMPTY_BODY = YES;
				CLANG_WARN_ENUM_CONVERSION = YES;
				CLANG_WARN_INFINITE_RECURSION = YES;
				CLANG_WARN_INT_CONVERSION = YES;
				CLANG_WARN_NON_LITERAL_NULL_CONVERSION = YES;
				CLANG_WARN_OBJC_IMPLICIT_RETAIN_SELF = YES;
				CLANG_WARN_OBJC_LITERAL_CONVERSION = YES;
				CLANG_WARN_OBJC_ROOT_CLASS = YES_ERROR;
				CLANG_WARN_RANGE_LOOP_ANALYSIS = YES;
				CLANG_WARN_STRICT_PROTOTYPES = YES;
				CLANG_WARN_SUSPICIOUS_MOVE = YES;
				CLANG_WARN_UNGUARDED_AVAILABILITY = YES_AGGRESSIVE;
				CLANG_WARN_UNREACHABLE_CODE = YES;
				CLANG_WARN__DUPLICATE_METHOD_MATCH = YES;
				CODE_SIGN_IDENTITY = "iPhone Developer";
				COPY_PHASE_STRIP = NO;
				DEBUG_INFORMATION_FORMAT = "dwarf-with-dsym";
				ENABLE_NS_ASSERTIONS = NO;
				ENABLE_STRICT_OBJC_MSGSEND = YES;
				GCC_C_LANGUAGE_STANDARD = gnu11;
				GCC_NO_COMMON_BLOCKS = YES;
				GCC_WARN_64_TO_32_BIT_CONVERSION = YES;
				GCC_WARN_ABOUT_RETURN_TYPE = YES_ERROR;
				GCC_WARN_UNDECLARED_SELECTOR = YES;
				GCC_WARN_UNINITIALIZED_AUTOS = YES_AGGRESSIVE;
				GCC_WARN_UNUSED_FUNCTION = YES;
				GCC_WARN_UNUSED_VARIABLE = YES;
				IPHONEOS_DEPLOYMENT_TARGET = 11.3;
				MTL_ENABLE_DEBUG_INFO = NO;
				SDKROOT = iphoneos;
				SWIFT_COMPILATION_MODE = wholemodule;
				SWIFT_OPTIMIZATION_LEVEL = "-O";
				VALIDATE_PRODUCT = YES;
			};
			name = Release;
		};
		CE449F6320B9A7AC00CE4C2E /* Debug */ = {
			isa = XCBuildConfiguration;
			baseConfigurationReference = 29C1659DDC8C54CBCB55F713 /* Pods-cocoaEjemplo.debug.xcconfig */;
			buildSettings = {
				ASSETCATALOG_COMPILER_APPICON_NAME = AppIcon;
				CODE_SIGN_STYLE = Automatic;
				INFOPLIST_FILE = cocoaEjemplo/Info.plist;
				LD_RUNPATH_SEARCH_PATHS = (
					"$(inherited)",
					"@executable_path/Frameworks",
				);
				PRODUCT_BUNDLE_IDENTIFIER = com.ronaldmurillosolano.cocoaEjemplo;
				PRODUCT_NAME = "$(TARGET_NAME)";
				SWIFT_VERSION = 4.0;
				TARGETED_DEVICE_FAMILY = "1,2";
			};
			name = Debug;
		};
		CE449F6420B9A7AC00CE4C2E /* Release */ = {
			isa = XCBuildConfiguration;
			baseConfigurationReference = 03CB7342AACB9DCC8294F980 /* Pods-cocoaEjemplo.release.xcconfig */;
			buildSettings = {
				ASSETCATALOG_COMPILER_APPICON_NAME = AppIcon;
				CODE_SIGN_STYLE = Automatic;
				INFOPLIST_FILE = cocoaEjemplo/Info.plist;
				LD_RUNPATH_SEARCH_PATHS = (
					"$(inherited)",
					"@executable_path/Frameworks",
				);
				PRODUCT_BUNDLE_IDENTIFIER = com.ronaldmurillosolano.cocoaEjemplo;
				PRODUCT_NAME = "$(TARGET_NAME)";
				SWIFT_VERSION = 4.0;
				TARGETED_DEVICE_FAMILY = "1,2";
			};
			name = Release;
		};
/* End XCBuildConfiguration section */

/* Begin XCConfigurationList section */
		CE449F4B20B9A7AA00CE4C2E /* Build configuration list for PBXProject "cocoaEjemplo" */ = {
			isa = XCConfigurationList;
			buildConfigurations = (
				CE449F6020B9A7AC00CE4C2E /* Debug */,
				CE449F6120B9A7AC00CE4C2E /* Release */,
			);
			defaultConfigurationIsVisible = 0;
			defaultConfigurationName = Release;
		};
		CE449F6220B9A7AC00CE4C2E /* Build configuration list for PBXNativeTarget "cocoaEjemplo" */ = {
			isa = XCConfigurationList;
			buildConfigurations = (
				CE449F6320B9A7AC00CE4C2E /* Debug */,
				CE449F6420B9A7AC00CE4C2E /* Release */,
			);
			defaultConfigurationIsVisible = 0;
			defaultConfigurationName = Release;
		};
/* End XCConfigurationList section */
	};
	rootObject = CE449F4820B9A7AA00CE4C2E /* Project object */;
}
